
Microsoft Visual Studio Solution File, Format Version 12.00
# Visual Studio 15
VisualStudioVersion = 15.0.28307.329
MinimumVisualStudioVersion = 10.0.40219.1
Project("{FAE04EC0-301F-11D3-BF4B-00C04F79EFBC}") = "Toci.AI", "Toci.AI\Toci.AI.csproj", "{40044FFB-A358-40F7-BAA4-D2ABDB3B4C30}"
EndProject
Global
	GlobalSection(SolutionConfigurationPlatforms) = preSolution
		Debug|Any CPU = Debug|Any CPU
		Release|Any CPU = Release|Any CPU
	EndGlobalSection
	GlobalSection(ProjectConfigurationPlatforms) = postSolution
		{40044FFB-A358-40F7-BAA4-D2ABDB3B4C30}.Debug|Any CPU.ActiveCfg = Debug|Any CPU
		{40044FFB-A358-40F7-BAA4-D2ABDB3B4C30}.Debug|Any CPU.Build.0 = Debug|Any CPU
		{40044FFB-A358-40F7-BAA4-D2ABDB3B4C30}.Release|Any CPU.ActiveCfg = Release|Any CPU
		{40044FFB-A358-40F7-BAA4-D2ABDB3B4C30}.Release|Any CPU.Build.0 = Release|Any CPU
	EndGlobalSection
	GlobalSection(SolutionProperties) = preSolution
		HideSolutionNode = FALSE
	EndGlobalSection
	GlobalSection(ExtensibilityGlobals) = postSolution
		SolutionGuid = {E0BAF354-6E8D-4D1B-967F-D62FA0BE4A34}
	EndGlobalSection
EndGlobal
